
Microsoft Visual Studio Solution File, Format Version 12.00
# Visual Studio Version 17
VisualStudioVersion = 17.8.34330.188
MinimumVisualStudioVersion = 10.0.40219.1
Project("{FAE04EC0-301F-11D3-BF4B-00C04F79EFBC}") = "Shape", "Shape\Shape.csproj", "{AAB6EB2C-5ED9-4CBE-BC9C-4ACA66BD2C75}"
EndProject
Global
	GlobalSection(SolutionConfigurationPlatforms) = preSolution
		Debug|Any CPU = Debug|Any CPU
		Release|Any CPU = Release|Any CPU
	EndGlobalSection
	GlobalSection(ProjectConfigurationPlatforms) = postSolution
		{AAB6EB2C-5ED9-4CBE-BC9C-4ACA66BD2C75}.Debug|Any CPU.ActiveCfg = Debug|Any CPU
		{AAB6EB2C-5ED9-4CBE-BC9C-4ACA66BD2C75}.Debug|Any CPU.Build.0 = Debug|Any CPU
		{AAB6EB2C-5ED9-4CBE-BC9C-4ACA66BD2C75}.Release|Any CPU.ActiveCfg = Release|Any CPU
		{AAB6EB2C-5ED9-4CBE-BC9C-4ACA66BD2C75}.Release|Any CPU.Build.0 = Release|Any CPU
	EndGlobalSection
	GlobalSection(SolutionProperties) = preSolution
		HideSolutionNode = FALSE
	EndGlobalSection
	GlobalSection(ExtensibilityGlobals) = postSolution
		SolutionGuid = {26E22EB6-7D3E-44BC-A66A-38C7E3403374}
	EndGlobalSection
EndGlobal
